Microsoft Visual Studio Solution File, Format Version 12.00
# Visual Studio Version 16
VisualStudioVersion = 16.0.30517.126
MinimumVisualStudioVersion = 10.0.40219.1
Project("{FAE04EC0-301F-11D3-BF4B-00C04F79EFBC}") = "avUpload", "avUpload.csproj", "{B628D451-D84F-4CF2-A95F-399858F79DE1}"
EndProject
Project("{54435603-DBB4-11D2-8724-00A0C9A8B90C}") = "Setup", "Setup\Setup.vdproj", "{3D060522-EFDF-4631-A377-B0C89F2E23C2}"
	ProjectSection(ProjectDependencies) = postProject
		{B628D451-D84F-4CF2-A95F-399858F79DE1} = {B628D451-D84F-4CF2-A95F-399858F79DE1}
	EndProjectSection
EndProject
Global
	GlobalSection(SolutionConfigurationPlatforms) = preSolution
		Debug|Any CPU = Debug|Any CPU
		Release|Any CPU = Release|Any CPU
	EndGlobalSection
	GlobalSection(ProjectConfigurationPlatforms) = postSolution
		{B628D451-D84F-4CF2-A95F-399858F79DE1}.Debug|Any CPU.ActiveCfg = Debug|Any CPU
		{B628D451-D84F-4CF2-A95F-399858F79DE1}.Debug|Any CPU.Build.0 = Debug|Any CPU
		{B628D451-D84F-4CF2-A95F-399858F79DE1}.Release|Any CPU.ActiveCfg = Release|Any CPU
		{B628D451-D84F-4CF2-A95F-399858F79DE1}.Release|Any CPU.Build.0 = Release|Any CPU
		{3D060522-EFDF-4631-A377-B0C89F2E23C2}.Debug|Any CPU.ActiveCfg = Debug
		{3D060522-EFDF-4631-A377-B0C89F2E23C2}.Release|Any CPU.ActiveCfg = Release
		{3D060522-EFDF-4631-A377-B0C89F2E23C2}.Release|Any CPU.Build.0 = Release
	EndGlobalSection
	GlobalSection(SolutionProperties) = preSolution
		HideSolutionNode = FALSE
	EndGlobalSection
	GlobalSection(ExtensibilityGlobals) = postSolution
		SolutionGuid = {C6164565-4E1D-42BE-B8A1-951B15272978}
	EndGlobalSection
EndGlobal
